
Microsoft Visual Studio Solution File, Format Version 12.00
# Visual Studio 2013
VisualStudioVersion = 12.0.31101.0
MinimumVisualStudioVersion = 10.0.40219.1
Project("{FAE04EC0-301F-11D3-BF4B-00C04F79EFBC}") = "ServiceStationUnitTestApplication", "ServiceStationUnitTestApplication\ServiceStationUnitTestApplication.csproj", "{4BCAAF7B-6FCE-4E83-A5CE-2F1B05AF189F}"
EndProject
Project("{FAE04EC0-301F-11D3-BF4B-00C04F79EFBC}") = "ServiceStationBOL", "ServiceStationBOL\ServiceStationBOL.csproj", "{FB92160C-6C26-44C8-9463-7A6081402A00}"
EndProject
Project("{FAE04EC0-301F-11D3-BF4B-00C04F79EFBC}") = "ServiceStationDAL", "ServiceStationDAL\ServiceStationDAL.csproj", "{C955F263-F965-41C3-A84D-888541EC5524}"
EndProject
Project("{FAE04EC0-301F-11D3-BF4B-00C04F79EFBC}") = "RichServiceStationApplication", "RichServiceStationApplication\RichServiceStationApplication.csproj", "{205BF531-06DC-4FD3-BF70-E458EB86556D}"
EndProject
Project("{FAE04EC0-301F-11D3-BF4B-00C04F79EFBC}") = "ServiceStationCL", "ServiceStationCL\ServiceStationCL.csproj", "{651E9EA4-4F1C-452C-A83F-1D61783513E6}"
EndProject
Global
	GlobalSection(SolutionConfigurationPlatforms) = preSolution
		Debug|Any CPU = Debug|Any CPU
		Release|Any CPU = Release|Any CPU
	EndGlobalSection
	GlobalSection(ProjectConfigurationPlatforms) = postSolution
		{4BCAAF7B-6FCE-4E83-A5CE-2F1B05AF189F}.Debug|Any CPU.ActiveCfg = Debug|Any CPU
		{4BCAAF7B-6FCE-4E83-A5CE-2F1B05AF189F}.Debug|Any CPU.Build.0 = Debug|Any CPU
		{4BCAAF7B-6FCE-4E83-A5CE-2F1B05AF189F}.Release|Any CPU.ActiveCfg = Release|Any CPU
		{4BCAAF7B-6FCE-4E83-A5CE-2F1B05AF189F}.Release|Any CPU.Build.0 = Release|Any CPU
		{FB92160C-6C26-44C8-9463-7A6081402A00}.Debug|Any CPU.ActiveCfg = Debug|Any CPU
		{FB92160C-6C26-44C8-9463-7A6081402A00}.Debug|Any CPU.Build.0 = Debug|Any CPU
		{FB92160C-6C26-44C8-9463-7A6081402A00}.Release|Any CPU.ActiveCfg = Release|Any CPU
		{FB92160C-6C26-44C8-9463-7A6081402A00}.Release|Any CPU.Build.0 = Release|Any CPU
		{C955F263-F965-41C3-A84D-888541EC5524}.Debug|Any CPU.ActiveCfg = Debug|Any CPU
		{C955F263-F965-41C3-A84D-888541EC5524}.Debug|Any CPU.Build.0 = Debug|Any CPU
		{C955F263-F965-41C3-A84D-888541EC5524}.Release|Any CPU.ActiveCfg = Release|Any CPU
		{C955F263-F965-41C3-A84D-888541EC5524}.Release|Any CPU.Build.0 = Release|Any CPU
		{205BF531-06DC-4FD3-BF70-E458EB86556D}.Debug|Any CPU.ActiveCfg = Debug|Any CPU
		{205BF531-06DC-4FD3-BF70-E458EB86556D}.Debug|Any CPU.Build.0 = Debug|Any CPU
		{205BF531-06DC-4FD3-BF70-E458EB86556D}.Release|Any CPU.ActiveCfg = Release|Any CPU
		{205BF531-06DC-4FD3-BF70-E458EB86556D}.Release|Any CPU.Build.0 = Release|Any CPU
		{651E9EA4-4F1C-452C-A83F-1D61783513E6}.Debug|Any CPU.ActiveCfg = Debug|Any CPU
		{651E9EA4-4F1C-452C-A83F-1D61783513E6}.Debug|Any CPU.Build.0 = Debug|Any CPU
		{651E9EA4-4F1C-452C-A83F-1D61783513E6}.Release|Any CPU.ActiveCfg = Release|Any CPU
		{651E9EA4-4F1C-452C-A83F-1D61783513E6}.Release|Any CPU.Build.0 = Release|Any CPU
	EndGlobalSection
	GlobalSection(SolutionProperties) = preSolution
		HideSolutionNode = FALSE
	EndGlobalSection
EndGlobal
