
Microsoft Visual Studio Solution File, Format Version 12.00
# Visual Studio 2013
VisualStudioVersion = 12.0.30501.0
MinimumVisualStudioVersion = 10.0.40219.1
Project("{FAE04EC0-301F-11D3-BF4B-00C04F79EFBC}") = "HRConsoleClient", "HRConsoleClient\HRConsoleClient.csproj", "{21F8596A-AFAC-4C48-826B-67DCF63CAB87}"
EndProject
Project("{FAE04EC0-301F-11D3-BF4B-00C04F79EFBC}") = "HRLib", "HRLib\HRLib.csproj", "{054F53C4-C7C6-4E3B-B09A-4AA261E350DA}"
EndProject
Project("{FAE04EC0-301F-11D3-BF4B-00C04F79EFBC}") = "HRRichClient", "HRRichClient\HRRichClient.csproj", "{EEE56BB1-64EE-4A08-ABCF-4E42300C1953}"
EndProject
Project("{FAE04EC0-301F-11D3-BF4B-00C04F79EFBC}") = "HRWebOnline", "HRWebOnline\HRWebOnline.csproj", "{0063E06E-4FEB-49C3-AB02-98BD8F90D941}"
EndProject
Global
	GlobalSection(SolutionConfigurationPlatforms) = preSolution
		Debug|Any CPU = Debug|Any CPU
		Release|Any CPU = Release|Any CPU
	EndGlobalSection
	GlobalSection(ProjectConfigurationPlatforms) = postSolution
		{21F8596A-AFAC-4C48-826B-67DCF63CAB87}.Debug|Any CPU.ActiveCfg = Debug|Any CPU
		{21F8596A-AFAC-4C48-826B-67DCF63CAB87}.Debug|Any CPU.Build.0 = Debug|Any CPU
		{21F8596A-AFAC-4C48-826B-67DCF63CAB87}.Release|Any CPU.ActiveCfg = Release|Any CPU
		{21F8596A-AFAC-4C48-826B-67DCF63CAB87}.Release|Any CPU.Build.0 = Release|Any CPU
		{054F53C4-C7C6-4E3B-B09A-4AA261E350DA}.Debug|Any CPU.ActiveCfg = Debug|Any CPU
		{054F53C4-C7C6-4E3B-B09A-4AA261E350DA}.Debug|Any CPU.Build.0 = Debug|Any CPU
		{054F53C4-C7C6-4E3B-B09A-4AA261E350DA}.Release|Any CPU.ActiveCfg = Release|Any CPU
		{054F53C4-C7C6-4E3B-B09A-4AA261E350DA}.Release|Any CPU.Build.0 = Release|Any CPU
		{EEE56BB1-64EE-4A08-ABCF-4E42300C1953}.Debug|Any CPU.ActiveCfg = Debug|Any CPU
		{EEE56BB1-64EE-4A08-ABCF-4E42300C1953}.Debug|Any CPU.Build.0 = Debug|Any CPU
		{EEE56BB1-64EE-4A08-ABCF-4E42300C1953}.Release|Any CPU.ActiveCfg = Release|Any CPU
		{EEE56BB1-64EE-4A08-ABCF-4E42300C1953}.Release|Any CPU.Build.0 = Release|Any CPU
		{0063E06E-4FEB-49C3-AB02-98BD8F90D941}.Debug|Any CPU.ActiveCfg = Debug|Any CPU
		{0063E06E-4FEB-49C3-AB02-98BD8F90D941}.Debug|Any CPU.Build.0 = Debug|Any CPU
		{0063E06E-4FEB-49C3-AB02-98BD8F90D941}.Release|Any CPU.ActiveCfg = Release|Any CPU
		{0063E06E-4FEB-49C3-AB02-98BD8F90D941}.Release|Any CPU.Build.0 = Release|Any CPU
	EndGlobalSection
	GlobalSection(SolutionProperties) = preSolution
		HideSolutionNode = FALSE
	EndGlobalSection
EndGlobal
